
Microsoft Visual Studio Solution File, Format Version 11.00
# Visual Studio 2010
Project("{F184B08F-C81C-45F6-A57F-5ABD9991F28F}") = "Software", "Software\Software.vbproj", "{B7F07842-19C3-47F3-8F79-CBE75C5EC623}"
EndProject
Global
	GlobalSection(SolutionConfigurationPlatforms) = preSolution
		Debug|x86 = Debug|x86
		Release|x86 = Release|x86
	EndGlobalSection
	GlobalSection(ProjectConfigurationPlatforms) = postSolution
		{B7F07842-19C3-47F3-8F79-CBE75C5EC623}.Debug|x86.ActiveCfg = Debug|x86
		{B7F07842-19C3-47F3-8F79-CBE75C5EC623}.Debug|x86.Build.0 = Debug|x86
		{B7F07842-19C3-47F3-8F79-CBE75C5EC623}.Release|x86.ActiveCfg = Release|x86
		{B7F07842-19C3-47F3-8F79-CBE75C5EC623}.Release|x86.Build.0 = Release|x86
	EndGlobalSection
	GlobalSection(SolutionProperties) = preSolution
		HideSolutionNode = FALSE
	EndGlobalSection
EndGlobal
